
Microsoft Visual Studio Solution File, Format Version 12.00
Project("{FAE04EC0-301F-11D3-BF4B-00C04F79EFBC}") = "Abstractions.EventConsumer", "src\Abstractions.EventConsumer\Abstractions.EventConsumer.csproj", "{471E1DA2-451C-433C-9BA8-F825151E5EAA}"
EndProject
Global
	GlobalSection(SolutionConfigurationPlatforms) = preSolution
		Debug|Any CPU = Debug|Any CPU
		Release|Any CPU = Release|Any CPU
	EndGlobalSection
	GlobalSection(ProjectConfigurationPlatforms) = postSolution
		{471E1DA2-451C-433C-9BA8-F825151E5EAA}.Debug|Any CPU.ActiveCfg = Debug|Any CPU
		{471E1DA2-451C-433C-9BA8-F825151E5EAA}.Debug|Any CPU.Build.0 = Debug|Any CPU
		{471E1DA2-451C-433C-9BA8-F825151E5EAA}.Release|Any CPU.ActiveCfg = Release|Any CPU
		{471E1DA2-451C-433C-9BA8-F825151E5EAA}.Release|Any CPU.Build.0 = Release|Any CPU
	EndGlobalSection
EndGlobal
